
Microsoft Visual Studio Solution File, Format Version 12.00
# Visual Studio Version 16
VisualStudioVersion = 16.0.29920.165
MinimumVisualStudioVersion = 10.0.40219.1
Project("{FAE04EC0-301F-11D3-BF4B-00C04F79EFBC}") = "test", "test.csproj", "{C9BBB095-3068-4E63-94A6-7370A1564421}"
EndProject
Global
	GlobalSection(SolutionConfigurationPlatforms) = preSolution
		Debug|Any CPU = Debug|Any CPU
		Release|Any CPU = Release|Any CPU
	EndGlobalSection
	GlobalSection(ProjectConfigurationPlatforms) = postSolution
		{C9BBB095-3068-4E63-94A6-7370A1564421}.Debug|Any CPU.ActiveCfg = Debug|Any CPU
		{C9BBB095-3068-4E63-94A6-7370A1564421}.Debug|Any CPU.Build.0 = Debug|Any CPU
		{C9BBB095-3068-4E63-94A6-7370A1564421}.Release|Any CPU.ActiveCfg = Release|Any CPU
		{C9BBB095-3068-4E63-94A6-7370A1564421}.Release|Any CPU.Build.0 = Release|Any CPU
	EndGlobalSection
	GlobalSection(SolutionProperties) = preSolution
		HideSolutionNode = FALSE
	EndGlobalSection
	GlobalSection(ExtensibilityGlobals) = postSolution
		SolutionGuid = {EF94BE91-F7DF-4F74-B3A9-34D103173A8F}
	EndGlobalSection
EndGlobal
