
Microsoft Visual Studio Solution File, Format Version 12.00
# Visual Studio Version 16
VisualStudioVersion = 16.0.29920.165
MinimumVisualStudioVersion = 10.0.40219.1
Project("{FAE04EC0-301F-11D3-BF4B-00C04F79EFBC}") = "MusicViewer", "MusicViewer\MusicViewer.csproj", "{3B10313C-8762-4EB5-BABA-6C947C791437}"
EndProject
Global
	GlobalSection(SolutionConfigurationPlatforms) = preSolution
		Debug|Any CPU = Debug|Any CPU
		Release|Any CPU = Release|Any CPU
	EndGlobalSection
	GlobalSection(ProjectConfigurationPlatforms) = postSolution
		{3B10313C-8762-4EB5-BABA-6C947C791437}.Debug|Any CPU.ActiveCfg = Debug|Any CPU
		{3B10313C-8762-4EB5-BABA-6C947C791437}.Debug|Any CPU.Build.0 = Debug|Any CPU
		{3B10313C-8762-4EB5-BABA-6C947C791437}.Release|Any CPU.ActiveCfg = Release|Any CPU
		{3B10313C-8762-4EB5-BABA-6C947C791437}.Release|Any CPU.Build.0 = Release|Any CPU
	EndGlobalSection
	GlobalSection(SolutionProperties) = preSolution
		HideSolutionNode = FALSE
	EndGlobalSection
	GlobalSection(ExtensibilityGlobals) = postSolution
		SolutionGuid = {3746980D-EEE4-4446-9384-90EAF0DC1E98}
	EndGlobalSection
EndGlobal
